
Microsoft Visual Studio Solution File, Format Version 12.00
# Visual Studio 15
VisualStudioVersion = 15.0.27428.2005
MinimumVisualStudioVersion = 10.0.40219.1
Project("{FAE04EC0-301F-11D3-BF4B-00C04F79EFBC}") = "XMLanalysis", "XMLanalysis\XMLanalysis.csproj", "{6687BCD2-BE9D-435F-AACF-66D529BD7979}"
EndProject
Global
	GlobalSection(SolutionConfigurationPlatforms) = preSolution
		Debug|Any CPU = Debug|Any CPU
		Release|Any CPU = Release|Any CPU
	EndGlobalSection
	GlobalSection(ProjectConfigurationPlatforms) = postSolution
		{6687BCD2-BE9D-435F-AACF-66D529BD7979}.Debug|Any CPU.ActiveCfg = Debug|Any CPU
		{6687BCD2-BE9D-435F-AACF-66D529BD7979}.Debug|Any CPU.Build.0 = Debug|Any CPU
		{6687BCD2-BE9D-435F-AACF-66D529BD7979}.Release|Any CPU.ActiveCfg = Release|Any CPU
		{6687BCD2-BE9D-435F-AACF-66D529BD7979}.Release|Any CPU.Build.0 = Release|Any CPU
	EndGlobalSection
	GlobalSection(SolutionProperties) = preSolution
		HideSolutionNode = FALSE
	EndGlobalSection
	GlobalSection(ExtensibilityGlobals) = postSolution
		SolutionGuid = {6D05D237-1E49-4D07-AF28-E5E16DAA6F39}
	EndGlobalSection
EndGlobal
